Microsoft Visual Studio Solution File, Format Version 12.00
# Visual Studio 2012
Project("{FAE04EC0-301F-11D3-BF4B-00C04F79EFBC}") = "Projets Godot", "Projets Godot.csproj", "{9B768DC0-0400-483F-844E-A13E51414BFB}"
EndProject
Global
	GlobalSection(SolutionConfigurationPlatforms) = preSolution
	Debug|Any CPU = Debug|Any CPU
	ExportDebug|Any CPU = ExportDebug|Any CPU
	ExportRelease|Any CPU = ExportRelease|Any CPU
	EndGlobalSection
	GlobalSection(ProjectConfigurationPlatforms) = postSolution
		{9B768DC0-0400-483F-844E-A13E51414BFB}.Debug|Any CPU.ActiveCfg = Debug|Any CPU
		{9B768DC0-0400-483F-844E-A13E51414BFB}.Debug|Any CPU.Build.0 = Debug|Any CPU
		{9B768DC0-0400-483F-844E-A13E51414BFB}.ExportDebug|Any CPU.ActiveCfg = ExportDebug|Any CPU
		{9B768DC0-0400-483F-844E-A13E51414BFB}.ExportDebug|Any CPU.Build.0 = ExportDebug|Any CPU
		{9B768DC0-0400-483F-844E-A13E51414BFB}.ExportRelease|Any CPU.ActiveCfg = ExportRelease|Any CPU
		{9B768DC0-0400-483F-844E-A13E51414BFB}.ExportRelease|Any CPU.Build.0 = ExportRelease|Any CPU
	EndGlobalSection
EndGlobal
